
Microsoft Visual Studio Solution File, Format Version 12.00
# Visual Studio 15
VisualStudioVersion = 15.0.28307.168
MinimumVisualStudioVersion = 10.0.40219.1
Project("{FAE04EC0-301F-11D3-BF4B-00C04F79EFBC}") = "YDM", "YDM\YDM.csproj", "{2655DBA0-B596-4DB4-9D78-B38EF71D23E1}"
EndProject
Global
	GlobalSection(SolutionConfigurationPlatforms) = preSolution
		Debug|Any CPU = Debug|Any CPU
		Release|Any CPU = Release|Any CPU
	EndGlobalSection
	GlobalSection(ProjectConfigurationPlatforms) = postSolution
		{2655DBA0-B596-4DB4-9D78-B38EF71D23E1}.Debug|Any CPU.ActiveCfg = Debug|Any CPU
		{2655DBA0-B596-4DB4-9D78-B38EF71D23E1}.Debug|Any CPU.Build.0 = Debug|Any CPU
		{2655DBA0-B596-4DB4-9D78-B38EF71D23E1}.Release|Any CPU.ActiveCfg = Release|Any CPU
		{2655DBA0-B596-4DB4-9D78-B38EF71D23E1}.Release|Any CPU.Build.0 = Release|Any CPU
	EndGlobalSection
	GlobalSection(SolutionProperties) = preSolution
		HideSolutionNode = FALSE
	EndGlobalSection
	GlobalSection(ExtensibilityGlobals) = postSolution
		SolutionGuid = {441DC367-5359-454B-8083-C1CE452F9091}
	EndGlobalSection
EndGlobal
